
Microsoft Visual Studio Solution File, Format Version 12.00
# Visual Studio Version 17
VisualStudioVersion = 17.0.31903.59
MinimumVisualStudioVersion = 10.0.40219.1
Project("{2150E333-8FDC-42A3-9474-1A3956D46DE8}") = "src", "src", "{827E0CD3-B72D-47B6-A68D-7590B98EB39B}"
EndProject
Project("{FAE04EC0-301F-11D3-BF4B-00C04F79EFBC}") = "FocusGuard.Core", "src\FocusGuard.Core\FocusGuard.Core.csproj", "{F09CCC5E-2F03-4801-A143-4D7B9CCE50BA}"
EndProject
Project("{FAE04EC0-301F-11D3-BF4B-00C04F79EFBC}") = "FocusGuard.Infrastructure", "src\FocusGuard.Infrastructure\FocusGuard.Infrastructure.csproj", "{5957D88C-A5DF-4E31-892F-1B4AAAF91CB0}"
EndProject
Project("{FAE04EC0-301F-11D3-BF4B-00C04F79EFBC}") = "FocusGuard.Enforcement", "src\FocusGuard.Enforcement\FocusGuard.Enforcement.csproj", "{FA9B8709-F13D-4818-9B1E-8EB403B86EBA}"
EndProject
Project("{FAE04EC0-301F-11D3-BF4B-00C04F79EFBC}") = "FocusGuard.UI", "src\FocusGuard.UI\FocusGuard.UI.csproj", "{1D7C9637-A154-42D2-92D3-0A5472EA7D63}"
EndProject
Project("{2150E333-8FDC-42A3-9474-1A3956D46DE8}") = "tests", "tests", "{0AB3BF05-4346-4AA6-1389-037BE0695223}"
EndProject
Project("{FAE04EC0-301F-11D3-BF4B-00C04F79EFBC}") = "FocusGuard.Tests", "tests\FocusGuard.Tests\FocusGuard.Tests.csproj", "{72C6D17E-57D8-4D17-85CD-94A2B2DC7792}"
EndProject
Global
	GlobalSection(SolutionConfigurationPlatforms) = preSolution
		Debug|Any CPU = Debug|Any CPU
		Debug|x64 = Debug|x64
		Debug|x86 = Debug|x86
		Release|Any CPU = Release|Any CPU
		Release|x64 = Release|x64
		Release|x86 = Release|x86
	EndGlobalSection
	GlobalSection(ProjectConfigurationPlatforms) = postSolution
		{F09CCC5E-2F03-4801-A143-4D7B9CCE50BA}.Debug|Any CPU.ActiveCfg = Debug|Any CPU
		{F09CCC5E-2F03-4801-A143-4D7B9CCE50BA}.Debug|Any CPU.Build.0 = Debug|Any CPU
		{F09CCC5E-2F03-4801-A143-4D7B9CCE50BA}.Debug|x64.ActiveCfg = Debug|Any CPU
		{F09CCC5E-2F03-4801-A143-4D7B9CCE50BA}.Debug|x64.Build.0 = Debug|Any CPU
		{F09CCC5E-2F03-4801-A143-4D7B9CCE50BA}.Debug|x86.ActiveCfg = Debug|Any CPU
		{F09CCC5E-2F03-4801-A143-4D7B9CCE50BA}.Debug|x86.Build.0 = Debug|Any CPU
		{F09CCC5E-2F03-4801-A143-4D7B9CCE50BA}.Release|Any CPU.ActiveCfg = Release|Any CPU
		{F09CCC5E-2F03-4801-A143-4D7B9CCE50BA}.Release|Any CPU.Build.0 = Release|Any CPU
		{F09CCC5E-2F03-4801-A143-4D7B9CCE50BA}.Release|x64.ActiveCfg = Release|Any CPU
		{F09CCC5E-2F03-4801-A143-4D7B9CCE50BA}.Release|x64.Build.0 = Release|Any CPU
		{F09CCC5E-2F03-4801-A143-4D7B9CCE50BA}.Release|x86.ActiveCfg = Release|Any CPU
		{F09CCC5E-2F03-4801-A143-4D7B9CCE50BA}.Release|x86.Build.0 = Release|Any CPU
		{5957D88C-A5DF-4E31-892F-1B4AAAF91CB0}.Debug|Any CPU.ActiveCfg = Debug|Any CPU
		{5957D88C-A5DF-4E31-892F-1B4AAAF91CB0}.Debug|Any CPU.Build.0 = Debug|Any CPU
		{5957D88C-A5DF-4E31-892F-1B4AAAF91CB0}.Debug|x64.ActiveCfg = Debug|Any CPU
		{5957D88C-A5DF-4E31-892F-1B4AAAF91CB0}.Debug|x64.Build.0 = Debug|Any CPU
		{5957D88C-A5DF-4E31-892F-1B4AAAF91CB0}.Debug|x86.ActiveCfg = Debug|Any CPU
		{5957D88C-A5DF-4E31-892F-1B4AAAF91CB0}.Debug|x86.Build.0 = Debug|Any CPU
		{5957D88C-A5DF-4E31-892F-1B4AAAF91CB0}.Release|Any CPU.ActiveCfg = Release|Any CPU
		{5957D88C-A5DF-4E31-892F-1B4AAAF91CB0}.Release|Any CPU.Build.0 = Release|Any CPU
		{5957D88C-A5DF-4E31-892F-1B4AAAF91CB0}.Release|x64.ActiveCfg = Release|Any CPU
		{5957D88C-A5DF-4E31-892F-1B4AAAF91CB0}.Release|x64.Build.0 = Release|Any CPU
		{5957D88C-A5DF-4E31-892F-1B4AAAF91CB0}.Release|x86.ActiveCfg = Release|Any CPU
		{5957D88C-A5DF-4E31-892F-1B4AAAF91CB0}.Release|x86.Build.0 = Release|Any CPU
		{FA9B8709-F13D-4818-9B1E-8EB403B86EBA}.Debug|Any CPU.ActiveCfg = Debug|Any CPU
		{FA9B8709-F13D-4818-9B1E-8EB403B86EBA}.Debug|Any CPU.Build.0 = Debug|Any CPU
		{FA9B8709-F13D-4818-9B1E-8EB403B86EBA}.Debug|x64.ActiveCfg = Debug|Any CPU
		{FA9B8709-F13D-4818-9B1E-8EB403B86EBA}.Debug|x64.Build.0 = Debug|Any CPU
		{FA9B8709-F13D-4818-9B1E-8EB403B86EBA}.Debug|x86.ActiveCfg = Debug|Any CPU
		{FA9B8709-F13D-4818-9B1E-8EB403B86EBA}.Debug|x86.Build.0 = Debug|Any CPU
		{FA9B8709-F13D-4818-9B1E-8EB403B86EBA}.Release|Any CPU.ActiveCfg = Release|Any CPU
		{FA9B8709-F13D-4818-9B1E-8EB403B86EBA}.Release|Any CPU.Build.0 = Release|Any CPU
		{FA9B8709-F13D-4818-9B1E-8EB403B86EBA}.Release|x64.ActiveCfg = Release|Any CPU
		{FA9B8709-F13D-4818-9B1E-8EB403B86EBA}.Release|x64.Build.0 = Release|Any CPU
		{FA9B8709-F13D-4818-9B1E-8EB403B86EBA}.Release|x86.ActiveCfg = Release|Any CPU
		{FA9B8709-F13D-4818-9B1E-8EB403B86EBA}.Release|x86.Build.0 = Release|Any CPU
		{1D7C9637-A154-42D2-92D3-0A5472EA7D63}.Debug|Any CPU.ActiveCfg = Debug|Any CPU
		{1D7C9637-A154-42D2-92D3-0A5472EA7D63}.Debug|Any CPU.Build.0 = Debug|Any CPU
		{1D7C9637-A154-42D2-92D3-0A5472EA7D63}.Debug|x64.ActiveCfg = Debug|Any CPU
		{1D7C9637-A154-42D2-92D3-0A5472EA7D63}.Debug|x64.Build.0 = Debug|Any CPU
		{1D7C9637-A154-42D2-92D3-0A5472EA7D63}.Debug|x86.ActiveCfg = Debug|Any CPU
		{1D7C9637-A154-42D2-92D3-0A5472EA7D63}.Debug|x86.Build.0 = Debug|Any CPU
		{1D7C9637-A154-42D2-92D3-0A5472EA7D63}.Release|Any CPU.ActiveCfg = Release|Any CPU
		{1D7C9637-A154-42D2-92D3-0A5472EA7D63}.Release|Any CPU.Build.0 = Release|Any CPU
		{1D7C9637-A154-42D2-92D3-0A5472EA7D63}.Release|x64.ActiveCfg = Release|Any CPU
		{1D7C9637-A154-42D2-92D3-0A5472EA7D63}.Release|x64.Build.0 = Release|Any CPU
		{1D7C9637-A154-42D2-92D3-0A5472EA7D63}.Release|x86.ActiveCfg = Release|Any CPU
		{1D7C9637-A154-42D2-92D3-0A5472EA7D63}.Release|x86.Build.0 = Release|Any CPU
		{72C6D17E-57D8-4D17-85CD-94A2B2DC7792}.Debug|Any CPU.ActiveCfg = Debug|Any CPU
		{72C6D17E-57D8-4D17-85CD-94A2B2DC7792}.Debug|Any CPU.Build.0 = Debug|Any CPU
		{72C6D17E-57D8-4D17-85CD-94A2B2DC7792}.Debug|x64.ActiveCfg = Debug|Any CPU
		{72C6D17E-57D8-4D17-85CD-94A2B2DC7792}.Debug|x64.Build.0 = Debug|Any CPU
		{72C6D17E-57D8-4D17-85CD-94A2B2DC7792}.Debug|x86.ActiveCfg = Debug|Any CPU
		{72C6D17E-57D8-4D17-85CD-94A2B2DC7792}.Debug|x86.Build.0 = Debug|Any CPU
		{72C6D17E-57D8-4D17-85CD-94A2B2DC7792}.Release|Any CPU.ActiveCfg = Release|Any CPU
		{72C6D17E-57D8-4D17-85CD-94A2B2DC7792}.Release|Any CPU.Build.0 = Release|Any CPU
		{72C6D17E-57D8-4D17-85CD-94A2B2DC7792}.Release|x64.ActiveCfg = Release|Any CPU
		{72C6D17E-57D8-4D17-85CD-94A2B2DC7792}.Release|x64.Build.0 = Release|Any CPU
		{72C6D17E-57D8-4D17-85CD-94A2B2DC7792}.Release|x86.ActiveCfg = Release|Any CPU
		{72C6D17E-57D8-4D17-85CD-94A2B2DC7792}.Release|x86.Build.0 = Release|Any CPU
	EndGlobalSection
	GlobalSection(SolutionProperties) = preSolution
		HideSolutionNode = FALSE
	EndGlobalSection
	GlobalSection(NestedProjects) = preSolution
		{F09CCC5E-2F03-4801-A143-4D7B9CCE50BA} = {827E0CD3-B72D-47B6-A68D-7590B98EB39B}
		{5957D88C-A5DF-4E31-892F-1B4AAAF91CB0} = {827E0CD3-B72D-47B6-A68D-7590B98EB39B}
		{FA9B8709-F13D-4818-9B1E-8EB403B86EBA} = {827E0CD3-B72D-47B6-A68D-7590B98EB39B}
		{1D7C9637-A154-42D2-92D3-0A5472EA7D63} = {827E0CD3-B72D-47B6-A68D-7590B98EB39B}
		{72C6D17E-57D8-4D17-85CD-94A2B2DC7792} = {0AB3BF05-4346-4AA6-1389-037BE0695223}
	EndGlobalSection
EndGlobal
