
Microsoft Visual Studio Solution File, Format Version 12.00
# Visual Studio Version 17
VisualStudioVersion = 17.0.31903.59
MinimumVisualStudioVersion = 10.0.40219.1
Project("{2150E333-8FDC-42A3-9474-1A3956D46DE8}") = "src", "src", "{827E0CD3-B72D-47B6-A68D-7590B98EB39B}"
EndProject
Project("{FAE04EC0-301F-11D3-BF4B-00C04F79EFBC}") = "FocusGuard.Core", "src\FocusGuard.Core\FocusGuard.Core.csproj", "{4A0AD628-42EC-460E-842A-ABA68076733E}"
EndProject
Project("{FAE04EC0-301F-11D3-BF4B-00C04F79EFBC}") = "FocusGuard.Infrastructure", "src\FocusGuard.Infrastructure\FocusGuard.Infrastructure.csproj", "{1BB50AB6-F1AE-41E7-8E5C-28E73AD7A072}"
EndProject
Project("{FAE04EC0-301F-11D3-BF4B-00C04F79EFBC}") = "FocusGuard.Enforcement", "src\FocusGuard.Enforcement\FocusGuard.Enforcement.csproj", "{FB535069-42BB-47AC-914C-EF8A29A9B737}"
EndProject
Project("{FAE04EC0-301F-11D3-BF4B-00C04F79EFBC}") = "FocusGuard.UI", "src\FocusGuard.UI\FocusGuard.UI.csproj", "{7BCFAFD6-D0DB-4006-893E-BD51A76D0AE2}"
EndProject
Project("{2150E333-8FDC-42A3-9474-1A3956D46DE8}") = "tests", "tests", "{0AB3BF05-4346-4AA6-1389-037BE0695223}"
EndProject
Project("{FAE04EC0-301F-11D3-BF4B-00C04F79EFBC}") = "FocusGuard.Tests", "tests\FocusGuard.Tests\FocusGuard.Tests.csproj", "{87E2621C-477D-4D34-A977-4AC942DB3FEA}"
EndProject
Global
	GlobalSection(SolutionConfigurationPlatforms) = preSolution
		Debug|Any CPU = Debug|Any CPU
		Debug|x64 = Debug|x64
		Debug|x86 = Debug|x86
		Release|Any CPU = Release|Any CPU
		Release|x64 = Release|x64
		Release|x86 = Release|x86
	EndGlobalSection
	GlobalSection(ProjectConfigurationPlatforms) = postSolution
		{4A0AD628-42EC-460E-842A-ABA68076733E}.Debug|Any CPU.ActiveCfg = Debug|Any CPU
		{4A0AD628-42EC-460E-842A-ABA68076733E}.Debug|Any CPU.Build.0 = Debug|Any CPU
		{4A0AD628-42EC-460E-842A-ABA68076733E}.Debug|x64.ActiveCfg = Debug|Any CPU
		{4A0AD628-42EC-460E-842A-ABA68076733E}.Debug|x64.Build.0 = Debug|Any CPU
		{4A0AD628-42EC-460E-842A-ABA68076733E}.Debug|x86.ActiveCfg = Debug|Any CPU
		{4A0AD628-42EC-460E-842A-ABA68076733E}.Debug|x86.Build.0 = Debug|Any CPU
		{4A0AD628-42EC-460E-842A-ABA68076733E}.Release|Any CPU.ActiveCfg = Release|Any CPU
		{4A0AD628-42EC-460E-842A-ABA68076733E}.Release|Any CPU.Build.0 = Release|Any CPU
		{4A0AD628-42EC-460E-842A-ABA68076733E}.Release|x64.ActiveCfg = Release|Any CPU
		{4A0AD628-42EC-460E-842A-ABA68076733E}.Release|x64.Build.0 = Release|Any CPU
		{4A0AD628-42EC-460E-842A-ABA68076733E}.Release|x86.ActiveCfg = Release|Any CPU
		{4A0AD628-42EC-460E-842A-ABA68076733E}.Release|x86.Build.0 = Release|Any CPU
		{1BB50AB6-F1AE-41E7-8E5C-28E73AD7A072}.Debug|Any CPU.ActiveCfg = Debug|Any CPU
		{1BB50AB6-F1AE-41E7-8E5C-28E73AD7A072}.Debug|Any CPU.Build.0 = Debug|Any CPU
		{1BB50AB6-F1AE-41E7-8E5C-28E73AD7A072}.Debug|x64.ActiveCfg = Debug|Any CPU
		{1BB50AB6-F1AE-41E7-8E5C-28E73AD7A072}.Debug|x64.Build.0 = Debug|Any CPU
		{1BB50AB6-F1AE-41E7-8E5C-28E73AD7A072}.Debug|x86.ActiveCfg = Debug|Any CPU
		{1BB50AB6-F1AE-41E7-8E5C-28E73AD7A072}.Debug|x86.Build.0 = Debug|Any CPU
		{1BB50AB6-F1AE-41E7-8E5C-28E73AD7A072}.Release|Any CPU.ActiveCfg = Release|Any CPU
		{1BB50AB6-F1AE-41E7-8E5C-28E73AD7A072}.Release|Any CPU.Build.0 = Release|Any CPU
		{1BB50AB6-F1AE-41E7-8E5C-28E73AD7A072}.Release|x64.ActiveCfg = Release|Any CPU
		{1BB50AB6-F1AE-41E7-8E5C-28E73AD7A072}.Release|x64.Build.0 = Release|Any CPU
		{1BB50AB6-F1AE-41E7-8E5C-28E73AD7A072}.Release|x86.ActiveCfg = Release|Any CPU
		{1BB50AB6-F1AE-41E7-8E5C-28E73AD7A072}.Release|x86.Build.0 = Release|Any CPU
		{FB535069-42BB-47AC-914C-EF8A29A9B737}.Debug|Any CPU.ActiveCfg = Debug|Any CPU
		{FB535069-42BB-47AC-914C-EF8A29A9B737}.Debug|Any CPU.Build.0 = Debug|Any CPU
		{FB535069-42BB-47AC-914C-EF8A29A9B737}.Debug|x64.ActiveCfg = Debug|Any CPU
		{FB535069-42BB-47AC-914C-EF8A29A9B737}.Debug|x64.Build.0 = Debug|Any CPU
		{FB535069-42BB-47AC-914C-EF8A29A9B737}.Debug|x86.ActiveCfg = Debug|Any CPU
		{FB535069-42BB-47AC-914C-EF8A29A9B737}.Debug|x86.Build.0 = Debug|Any CPU
		{FB535069-42BB-47AC-914C-EF8A29A9B737}.Release|Any CPU.ActiveCfg = Release|Any CPU
		{FB535069-42BB-47AC-914C-EF8A29A9B737}.Release|Any CPU.Build.0 = Release|Any CPU
		{FB535069-42BB-47AC-914C-EF8A29A9B737}.Release|x64.ActiveCfg = Release|Any CPU
		{FB535069-42BB-47AC-914C-EF8A29A9B737}.Release|x64.Build.0 = Release|Any CPU
		{FB535069-42BB-47AC-914C-EF8A29A9B737}.Release|x86.ActiveCfg = Release|Any CPU
		{FB535069-42BB-47AC-914C-EF8A29A9B737}.Release|x86.Build.0 = Release|Any CPU
		{7BCFAFD6-D0DB-4006-893E-BD51A76D0AE2}.Debug|Any CPU.ActiveCfg = Debug|Any CPU
		{7BCFAFD6-D0DB-4006-893E-BD51A76D0AE2}.Debug|Any CPU.Build.0 = Debug|Any CPU
		{7BCFAFD6-D0DB-4006-893E-BD51A76D0AE2}.Debug|x64.ActiveCfg = Debug|Any CPU
		{7BCFAFD6-D0DB-4006-893E-BD51A76D0AE2}.Debug|x64.Build.0 = Debug|Any CPU
		{7BCFAFD6-D0DB-4006-893E-BD51A76D0AE2}.Debug|x86.ActiveCfg = Debug|Any CPU
		{7BCFAFD6-D0DB-4006-893E-BD51A76D0AE2}.Debug|x86.Build.0 = Debug|Any CPU
		{7BCFAFD6-D0DB-4006-893E-BD51A76D0AE2}.Release|Any CPU.ActiveCfg = Release|Any CPU
		{7BCFAFD6-D0DB-4006-893E-BD51A76D0AE2}.Release|Any CPU.Build.0 = Release|Any CPU
		{7BCFAFD6-D0DB-4006-893E-BD51A76D0AE2}.Release|x64.ActiveCfg = Release|Any CPU
		{7BCFAFD6-D0DB-4006-893E-BD51A76D0AE2}.Release|x64.Build.0 = Release|Any CPU
		{7BCFAFD6-D0DB-4006-893E-BD51A76D0AE2}.Release|x86.ActiveCfg = Release|Any CPU
		{7BCFAFD6-D0DB-4006-893E-BD51A76D0AE2}.Release|x86.Build.0 = Release|Any CPU
		{87E2621C-477D-4D34-A977-4AC942DB3FEA}.Debug|Any CPU.ActiveCfg = Debug|Any CPU
		{87E2621C-477D-4D34-A977-4AC942DB3FEA}.Debug|Any CPU.Build.0 = Debug|Any CPU
		{87E2621C-477D-4D34-A977-4AC942DB3FEA}.Debug|x64.ActiveCfg = Debug|Any CPU
		{87E2621C-477D-4D34-A977-4AC942DB3FEA}.Debug|x64.Build.0 = Debug|Any CPU
		{87E2621C-477D-4D34-A977-4AC942DB3FEA}.Debug|x86.ActiveCfg = Debug|Any CPU
		{87E2621C-477D-4D34-A977-4AC942DB3FEA}.Debug|x86.Build.0 = Debug|Any CPU
		{87E2621C-477D-4D34-A977-4AC942DB3FEA}.Release|Any CPU.ActiveCfg = Release|Any CPU
		{87E2621C-477D-4D34-A977-4AC942DB3FEA}.Release|Any CPU.Build.0 = Release|Any CPU
		{87E2621C-477D-4D34-A977-4AC942DB3FEA}.Release|x64.ActiveCfg = Release|Any CPU
		{87E2621C-477D-4D34-A977-4AC942DB3FEA}.Release|x64.Build.0 = Release|Any CPU
		{87E2621C-477D-4D34-A977-4AC942DB3FEA}.Release|x86.ActiveCfg = Release|Any CPU
		{87E2621C-477D-4D34-A977-4AC942DB3FEA}.Release|x86.Build.0 = Release|Any CPU
	EndGlobalSection
	GlobalSection(SolutionProperties) = preSolution
		HideSolutionNode = FALSE
	EndGlobalSection
	GlobalSection(NestedProjects) = preSolution
		{4A0AD628-42EC-460E-842A-ABA68076733E} = {827E0CD3-B72D-47B6-A68D-7590B98EB39B}
		{1BB50AB6-F1AE-41E7-8E5C-28E73AD7A072} = {827E0CD3-B72D-47B6-A68D-7590B98EB39B}
		{FB535069-42BB-47AC-914C-EF8A29A9B737} = {827E0CD3-B72D-47B6-A68D-7590B98EB39B}
		{7BCFAFD6-D0DB-4006-893E-BD51A76D0AE2} = {827E0CD3-B72D-47B6-A68D-7590B98EB39B}
		{87E2621C-477D-4D34-A977-4AC942DB3FEA} = {0AB3BF05-4346-4AA6-1389-037BE0695223}
	EndGlobalSection
EndGlobal
